
Microsoft Visual Studio Solution File, Format Version 12.00
# Visual Studio Version 17
VisualStudioVersion = 17.5.33414.496
MinimumVisualStudioVersion = 10.0.40219.1
Project("{FAE04EC0-301F-11D3-BF4B-00C04F79EFBC}") = "DotnetCoreProject", "DotnetCoreProject\DotnetCoreProject.csproj", "{D44D3116-BC1C-4317-9824-2612DF4DACD8}"
EndProject
Global
	GlobalSection(SolutionConfigurationPlatforms) = preSolution
		Debug|Any CPU = Debug|Any CPU
		Release|Any CPU = Release|Any CPU
	EndGlobalSection
	GlobalSection(ProjectConfigurationPlatforms) = postSolution
		{D44D3116-BC1C-4317-9824-2612DF4DACD8}.Debug|Any CPU.ActiveCfg = Debug|Any CPU
		{D44D3116-BC1C-4317-9824-2612DF4DACD8}.Debug|Any CPU.Build.0 = Debug|Any CPU
		{D44D3116-BC1C-4317-9824-2612DF4DACD8}.Release|Any CPU.ActiveCfg = Release|Any CPU
		{D44D3116-BC1C-4317-9824-2612DF4DACD8}.Release|Any CPU.Build.0 = Release|Any CPU
	EndGlobalSection
	GlobalSection(SolutionProperties) = preSolution
		HideSolutionNode = FALSE
	EndGlobalSection
	GlobalSection(ExtensibilityGlobals) = postSolution
		SolutionGuid = {59983D52-29E5-44F5-8688-C91AC8F6CEB3}
	EndGlobalSection
EndGlobal
